
Microsoft Visual Studio Solution File, Format Version 12.00
# Visual Studio 15
VisualStudioVersion = 15.0.28010.2036
MinimumVisualStudioVersion = 10.0.40219.1
Project("{FAE04EC0-301F-11D3-BF4B-00C04F79EFBC}") = "Classes", "Classes\Classes.csproj", "{61BA4989-60D0-466E-9CBD-C0F8FFC22518}"
EndProject
Project("{FAE04EC0-301F-11D3-BF4B-00C04F79EFBC}") = "Points", "Points\Points.csproj", "{35AF0212-39A7-4EFF-9E74-7EEB62D9B432}"
EndProject
Project("{FAE04EC0-301F-11D3-BF4B-00C04F79EFBC}") = "Customer", "Customer\Customer.csproj", "{52A76F75-9AE4-43E7-9ED2-E46A9090D677}"
EndProject
Project("{FAE04EC0-301F-11D3-BF4B-00C04F79EFBC}") = "Properties", "Properties\Properties.csproj", "{34CCD91E-DF7A-4F2C-A64B-06A87A4A5A45}"
EndProject
Project("{FAE04EC0-301F-11D3-BF4B-00C04F79EFBC}") = "Indexer", "Indexer\Indexer.csproj", "{C75CCF86-E26A-46A9-8672-E9C0D273A268}"
EndProject
Project("{FAE04EC0-301F-11D3-BF4B-00C04F79EFBC}") = "Inheritance", "Inheritance\Inheritance.csproj", "{959836AA-D5F3-43F0-8CB4-330BB9D50D77}"
EndProject
Project("{FAE04EC0-301F-11D3-BF4B-00C04F79EFBC}") = "Composition", "Composition\Composition.csproj", "{148A09F0-5026-495A-9E2D-067BBEAB8DBA}"
EndProject
Project("{FAE04EC0-301F-11D3-BF4B-00C04F79EFBC}") = "AccessModifiers", "AccessModifiers\AccessModifiers.csproj", "{F8102EE0-AABF-46B3-A327-BBAFE1DD64BB}"
EndProject
Project("{FAE04EC0-301F-11D3-BF4B-00C04F79EFBC}") = "Amazon", "AmazonPrime\Amazon.csproj", "{9A525C6D-0835-49C5-B48C-B00F1CD890C6}"
EndProject
Project("{FAE04EC0-301F-11D3-BF4B-00C04F79EFBC}") = "Constructors", "Constructors\Constructors.csproj", "{AF42A35E-8252-462F-AFD3-7727F1F3BBB6}"
EndProject
Project("{FAE04EC0-301F-11D3-BF4B-00C04F79EFBC}") = "Casting", "Casting\Casting.csproj", "{D0393477-5880-452F-A583-14D317DA362D}"
EndProject
Project("{FAE04EC0-301F-11D3-BF4B-00C04F79EFBC}") = "WpfApp1", "WpfApp1\WpfApp1.csproj", "{15C2EFE5-128D-44F5-B18E-9003C33B8B52}"
EndProject
Project("{FAE04EC0-301F-11D3-BF4B-00C04F79EFBC}") = "Boxing", "Boxing\Boxing.csproj", "{F921551D-EB51-47DD-B0AC-F585D505B32A}"
EndProject
Project("{FAE04EC0-301F-11D3-BF4B-00C04F79EFBC}") = "MethodOverriding", "MethodOverriding\MethodOverriding.csproj", "{668A14E5-6E1F-4B71-BAC1-500C08665767}"
EndProject
Global
	GlobalSection(SolutionConfigurationPlatforms) = preSolution
		Debug|Any CPU = Debug|Any CPU
		Debug|ARM = Debug|ARM
		Debug|x64 = Debug|x64
		Debug|x86 = Debug|x86
		Release|Any CPU = Release|Any CPU
		Release|ARM = Release|ARM
		Release|x64 = Release|x64
		Release|x86 = Release|x86
	EndGlobalSection
	GlobalSection(ProjectConfigurationPlatforms) = postSolution
		{61BA4989-60D0-466E-9CBD-C0F8FFC22518}.Debug|Any CPU.ActiveCfg = Debug|Any CPU
		{61BA4989-60D0-466E-9CBD-C0F8FFC22518}.Debug|Any CPU.Build.0 = Debug|Any CPU
		{61BA4989-60D0-466E-9CBD-C0F8FFC22518}.Debug|ARM.ActiveCfg = Debug|Any CPU
		{61BA4989-60D0-466E-9CBD-C0F8FFC22518}.Debug|ARM.Build.0 = Debug|Any CPU
		{61BA4989-60D0-466E-9CBD-C0F8FFC22518}.Debug|x64.ActiveCfg = Debug|Any CPU
		{61BA4989-60D0-466E-9CBD-C0F8FFC22518}.Debug|x64.Build.0 = Debug|Any CPU
		{61BA4989-60D0-466E-9CBD-C0F8FFC22518}.Debug|x86.ActiveCfg = Debug|Any CPU
		{61BA4989-60D0-466E-9CBD-C0F8FFC22518}.Debug|x86.Build.0 = Debug|Any CPU
		{61BA4989-60D0-466E-9CBD-C0F8FFC22518}.Release|Any CPU.ActiveCfg = Release|Any CPU
		{61BA4989-60D0-466E-9CBD-C0F8FFC22518}.Release|Any CPU.Build.0 = Release|Any CPU
		{61BA4989-60D0-466E-9CBD-C0F8FFC22518}.Release|ARM.ActiveCfg = Release|Any CPU
		{61BA4989-60D0-466E-9CBD-C0F8FFC22518}.Release|ARM.Build.0 = Release|Any CPU
		{61BA4989-60D0-466E-9CBD-C0F8FFC22518}.Release|x64.ActiveCfg = Release|Any CPU
		{61BA4989-60D0-466E-9CBD-C0F8FFC22518}.Release|x64.Build.0 = Release|Any CPU
		{61BA4989-60D0-466E-9CBD-C0F8FFC22518}.Release|x86.ActiveCfg = Release|Any CPU
		{61BA4989-60D0-466E-9CBD-C0F8FFC22518}.Release|x86.Build.0 = Release|Any CPU
		{35AF0212-39A7-4EFF-9E74-7EEB62D9B432}.Debug|Any CPU.ActiveCfg = Debug|Any CPU
		{35AF0212-39A7-4EFF-9E74-7EEB62D9B432}.Debug|Any CPU.Build.0 = Debug|Any CPU
		{35AF0212-39A7-4EFF-9E74-7EEB62D9B432}.Debug|ARM.ActiveCfg = Debug|Any CPU
		{35AF0212-39A7-4EFF-9E74-7EEB62D9B432}.Debug|ARM.Build.0 = Debug|Any CPU
		{35AF0212-39A7-4EFF-9E74-7EEB62D9B432}.Debug|x64.ActiveCfg = Debug|Any CPU
		{35AF0212-39A7-4EFF-9E74-7EEB62D9B432}.Debug|x64.Build.0 = Debug|Any CPU
		{35AF0212-39A7-4EFF-9E74-7EEB62D9B432}.Debug|x86.ActiveCfg = Debug|Any CPU
		{35AF0212-39A7-4EFF-9E74-7EEB62D9B432}.Debug|x86.Build.0 = Debug|Any CPU
		{35AF0212-39A7-4EFF-9E74-7EEB62D9B432}.Release|Any CPU.ActiveCfg = Release|Any CPU
		{35AF0212-39A7-4EFF-9E74-7EEB62D9B432}.Release|Any CPU.Build.0 = Release|Any CPU
		{35AF0212-39A7-4EFF-9E74-7EEB62D9B432}.Release|ARM.ActiveCfg = Release|Any CPU
		{35AF0212-39A7-4EFF-9E74-7EEB62D9B432}.Release|ARM.Build.0 = Release|Any CPU
		{35AF0212-39A7-4EFF-9E74-7EEB62D9B432}.Release|x64.ActiveCfg = Release|Any CPU
		{35AF0212-39A7-4EFF-9E74-7EEB62D9B432}.Release|x64.Build.0 = Release|Any CPU
		{35AF0212-39A7-4EFF-9E74-7EEB62D9B432}.Release|x86.ActiveCfg = Release|Any CPU
		{35AF0212-39A7-4EFF-9E74-7EEB62D9B432}.Release|x86.Build.0 = Release|Any CPU
		{52A76F75-9AE4-43E7-9ED2-E46A9090D677}.Debug|Any CPU.ActiveCfg = Debug|Any CPU
		{52A76F75-9AE4-43E7-9ED2-E46A9090D677}.Debug|Any CPU.Build.0 = Debug|Any CPU
		{52A76F75-9AE4-43E7-9ED2-E46A9090D677}.Debug|ARM.ActiveCfg = Debug|Any CPU
		{52A76F75-9AE4-43E7-9ED2-E46A9090D677}.Debug|ARM.Build.0 = Debug|Any CPU
		{52A76F75-9AE4-43E7-9ED2-E46A9090D677}.Debug|x64.ActiveCfg = Debug|Any CPU
		{52A76F75-9AE4-43E7-9ED2-E46A9090D677}.Debug|x64.Build.0 = Debug|Any CPU
		{52A76F75-9AE4-43E7-9ED2-E46A9090D677}.Debug|x86.ActiveCfg = Debug|Any CPU
		{52A76F75-9AE4-43E7-9ED2-E46A9090D677}.Debug|x86.Build.0 = Debug|Any CPU
		{52A76F75-9AE4-43E7-9ED2-E46A9090D677}.Release|Any CPU.ActiveCfg = Release|Any CPU
		{52A76F75-9AE4-43E7-9ED2-E46A9090D677}.Release|Any CPU.Build.0 = Release|Any CPU
		{52A76F75-9AE4-43E7-9ED2-E46A9090D677}.Release|ARM.ActiveCfg = Release|Any CPU
		{52A76F75-9AE4-43E7-9ED2-E46A9090D677}.Release|ARM.Build.0 = Release|Any CPU
		{52A76F75-9AE4-43E7-9ED2-E46A9090D677}.Release|x64.ActiveCfg = Release|Any CPU
		{52A76F75-9AE4-43E7-9ED2-E46A9090D677}.Release|x64.Build.0 = Release|Any CPU
		{52A76F75-9AE4-43E7-9ED2-E46A9090D677}.Release|x86.ActiveCfg = Release|Any CPU
		{52A76F75-9AE4-43E7-9ED2-E46A9090D677}.Release|x86.Build.0 = Release|Any CPU
		{34CCD91E-DF7A-4F2C-A64B-06A87A4A5A45}.Debug|Any CPU.ActiveCfg = Debug|Any CPU
		{34CCD91E-DF7A-4F2C-A64B-06A87A4A5A45}.Debug|Any CPU.Build.0 = Debug|Any CPU
		{34CCD91E-DF7A-4F2C-A64B-06A87A4A5A45}.Debug|ARM.ActiveCfg = Debug|Any CPU
		{34CCD91E-DF7A-4F2C-A64B-06A87A4A5A45}.Debug|ARM.Build.0 = Debug|Any CPU
		{34CCD91E-DF7A-4F2C-A64B-06A87A4A5A45}.Debug|x64.ActiveCfg = Debug|Any CPU
		{34CCD91E-DF7A-4F2C-A64B-06A87A4A5A45}.Debug|x64.Build.0 = Debug|Any CPU
		{34CCD91E-DF7A-4F2C-A64B-06A87A4A5A45}.Debug|x86.ActiveCfg = Debug|Any CPU
		{34CCD91E-DF7A-4F2C-A64B-06A87A4A5A45}.Debug|x86.Build.0 = Debug|Any CPU
		{34CCD91E-DF7A-4F2C-A64B-06A87A4A5A45}.Release|Any CPU.ActiveCfg = Release|Any CPU
		{34CCD91E-DF7A-4F2C-A64B-06A87A4A5A45}.Release|Any CPU.Build.0 = Release|Any CPU
		{34CCD91E-DF7A-4F2C-A64B-06A87A4A5A45}.Release|ARM.ActiveCfg = Release|Any CPU
		{34CCD91E-DF7A-4F2C-A64B-06A87A4A5A45}.Release|ARM.Build.0 = Release|Any CPU
		{34CCD91E-DF7A-4F2C-A64B-06A87A4A5A45}.Release|x64.ActiveCfg = Release|Any CPU
		{34CCD91E-DF7A-4F2C-A64B-06A87A4A5A45}.Release|x64.Build.0 = Release|Any CPU
		{34CCD91E-DF7A-4F2C-A64B-06A87A4A5A45}.Release|x86.ActiveCfg = Release|Any CPU
		{34CCD91E-DF7A-4F2C-A64B-06A87A4A5A45}.Release|x86.Build.0 = Release|Any CPU
		{C75CCF86-E26A-46A9-8672-E9C0D273A268}.Debug|Any CPU.ActiveCfg = Debug|Any CPU
		{C75CCF86-E26A-46A9-8672-E9C0D273A268}.Debug|Any CPU.Build.0 = Debug|Any CPU
		{C75CCF86-E26A-46A9-8672-E9C0D273A268}.Debug|ARM.ActiveCfg = Debug|Any CPU
		{C75CCF86-E26A-46A9-8672-E9C0D273A268}.Debug|ARM.Build.0 = Debug|Any CPU
		{C75CCF86-E26A-46A9-8672-E9C0D273A268}.Debug|x64.ActiveCfg = Debug|Any CPU
		{C75CCF86-E26A-46A9-8672-E9C0D273A268}.Debug|x64.Build.0 = Debug|Any CPU
		{C75CCF86-E26A-46A9-8672-E9C0D273A268}.Debug|x86.ActiveCfg = Debug|Any CPU
		{C75CCF86-E26A-46A9-8672-E9C0D273A268}.Debug|x86.Build.0 = Debug|Any CPU
		{C75CCF86-E26A-46A9-8672-E9C0D273A268}.Release|Any CPU.ActiveCfg = Release|Any CPU
		{C75CCF86-E26A-46A9-8672-E9C0D273A268}.Release|Any CPU.Build.0 = Release|Any CPU
		{C75CCF86-E26A-46A9-8672-E9C0D273A268}.Release|ARM.ActiveCfg = Release|Any CPU
		{C75CCF86-E26A-46A9-8672-E9C0D273A268}.Release|ARM.Build.0 = Release|Any CPU
		{C75CCF86-E26A-46A9-8672-E9C0D273A268}.Release|x64.ActiveCfg = Release|Any CPU
		{C75CCF86-E26A-46A9-8672-E9C0D273A268}.Release|x64.Build.0 = Release|Any CPU
		{C75CCF86-E26A-46A9-8672-E9C0D273A268}.Release|x86.ActiveCfg = Release|Any CPU
		{C75CCF86-E26A-46A9-8672-E9C0D273A268}.Release|x86.Build.0 = Release|Any CPU
		{959836AA-D5F3-43F0-8CB4-330BB9D50D77}.Debug|Any CPU.ActiveCfg = Debug|Any CPU
		{959836AA-D5F3-43F0-8CB4-330BB9D50D77}.Debug|Any CPU.Build.0 = Debug|Any CPU
		{959836AA-D5F3-43F0-8CB4-330BB9D50D77}.Debug|ARM.ActiveCfg = Debug|Any CPU
		{959836AA-D5F3-43F0-8CB4-330BB9D50D77}.Debug|ARM.Build.0 = Debug|Any CPU
		{959836AA-D5F3-43F0-8CB4-330BB9D50D77}.Debug|x64.ActiveCfg = Debug|Any CPU
		{959836AA-D5F3-43F0-8CB4-330BB9D50D77}.Debug|x64.Build.0 = Debug|Any CPU
		{959836AA-D5F3-43F0-8CB4-330BB9D50D77}.Debug|x86.ActiveCfg = Debug|Any CPU
		{959836AA-D5F3-43F0-8CB4-330BB9D50D77}.Debug|x86.Build.0 = Debug|Any CPU
		{959836AA-D5F3-43F0-8CB4-330BB9D50D77}.Release|Any CPU.ActiveCfg = Release|Any CPU
		{959836AA-D5F3-43F0-8CB4-330BB9D50D77}.Release|Any CPU.Build.0 = Release|Any CPU
		{959836AA-D5F3-43F0-8CB4-330BB9D50D77}.Release|ARM.ActiveCfg = Release|Any CPU
		{959836AA-D5F3-43F0-8CB4-330BB9D50D77}.Release|ARM.Build.0 = Release|Any CPU
		{959836AA-D5F3-43F0-8CB4-330BB9D50D77}.Release|x64.ActiveCfg = Release|Any CPU
		{959836AA-D5F3-43F0-8CB4-330BB9D50D77}.Release|x64.Build.0 = Release|Any CPU
		{959836AA-D5F3-43F0-8CB4-330BB9D50D77}.Release|x86.ActiveCfg = Release|Any CPU
		{959836AA-D5F3-43F0-8CB4-330BB9D50D77}.Release|x86.Build.0 = Release|Any CPU
		{148A09F0-5026-495A-9E2D-067BBEAB8DBA}.Debug|Any CPU.ActiveCfg = Debug|Any CPU
		{148A09F0-5026-495A-9E2D-067BBEAB8DBA}.Debug|Any CPU.Build.0 = Debug|Any CPU
		{148A09F0-5026-495A-9E2D-067BBEAB8DBA}.Debug|ARM.ActiveCfg = Debug|Any CPU
		{148A09F0-5026-495A-9E2D-067BBEAB8DBA}.Debug|ARM.Build.0 = Debug|Any CPU
		{148A09F0-5026-495A-9E2D-067BBEAB8DBA}.Debug|x64.ActiveCfg = Debug|Any CPU
		{148A09F0-5026-495A-9E2D-067BBEAB8DBA}.Debug|x64.Build.0 = Debug|Any CPU
		{148A09F0-5026-495A-9E2D-067BBEAB8DBA}.Debug|x86.ActiveCfg = Debug|Any CPU
		{148A09F0-5026-495A-9E2D-067BBEAB8DBA}.Debug|x86.Build.0 = Debug|Any CPU
		{148A09F0-5026-495A-9E2D-067BBEAB8DBA}.Release|Any CPU.ActiveCfg = Release|Any CPU
		{148A09F0-5026-495A-9E2D-067BBEAB8DBA}.Release|Any CPU.Build.0 = Release|Any CPU
		{148A09F0-5026-495A-9E2D-067BBEAB8DBA}.Release|ARM.ActiveCfg = Release|Any CPU
		{148A09F0-5026-495A-9E2D-067BBEAB8DBA}.Release|ARM.Build.0 = Release|Any CPU
		{148A09F0-5026-495A-9E2D-067BBEAB8DBA}.Release|x64.ActiveCfg = Release|Any CPU
		{148A09F0-5026-495A-9E2D-067BBEAB8DBA}.Release|x64.Build.0 = Release|Any CPU
		{148A09F0-5026-495A-9E2D-067BBEAB8DBA}.Release|x86.ActiveCfg = Release|Any CPU
		{148A09F0-5026-495A-9E2D-067BBEAB8DBA}.Release|x86.Build.0 = Release|Any CPU
		{F8102EE0-AABF-46B3-A327-BBAFE1DD64BB}.Debug|Any CPU.ActiveCfg = Debug|Any CPU
		{F8102EE0-AABF-46B3-A327-BBAFE1DD64BB}.Debug|Any CPU.Build.0 = Debug|Any CPU
		{F8102EE0-AABF-46B3-A327-BBAFE1DD64BB}.Debug|ARM.ActiveCfg = Debug|Any CPU
		{F8102EE0-AABF-46B3-A327-BBAFE1DD64BB}.Debug|ARM.Build.0 = Debug|Any CPU
		{F8102EE0-AABF-46B3-A327-BBAFE1DD64BB}.Debug|x64.ActiveCfg = Debug|Any CPU
		{F8102EE0-AABF-46B3-A327-BBAFE1DD64BB}.Debug|x64.Build.0 = Debug|Any CPU
		{F8102EE0-AABF-46B3-A327-BBAFE1DD64BB}.Debug|x86.ActiveCfg = Debug|Any CPU
		{F8102EE0-AABF-46B3-A327-BBAFE1DD64BB}.Debug|x86.Build.0 = Debug|Any CPU
		{F8102EE0-AABF-46B3-A327-BBAFE1DD64BB}.Release|Any CPU.ActiveCfg = Release|Any CPU
		{F8102EE0-AABF-46B3-A327-BBAFE1DD64BB}.Release|Any CPU.Build.0 = Release|Any CPU
		{F8102EE0-AABF-46B3-A327-BBAFE1DD64BB}.Release|ARM.ActiveCfg = Release|Any CPU
		{F8102EE0-AABF-46B3-A327-BBAFE1DD64BB}.Release|ARM.Build.0 = Release|Any CPU
		{F8102EE0-AABF-46B3-A327-BBAFE1DD64BB}.Release|x64.ActiveCfg = Release|Any CPU
		{F8102EE0-AABF-46B3-A327-BBAFE1DD64BB}.Release|x64.Build.0 = Release|Any CPU
		{F8102EE0-AABF-46B3-A327-BBAFE1DD64BB}.Release|x86.ActiveCfg = Release|Any CPU
		{F8102EE0-AABF-46B3-A327-BBAFE1DD64BB}.Release|x86.Build.0 = Release|Any CPU
		{9A525C6D-0835-49C5-B48C-B00F1CD890C6}.Debug|Any CPU.ActiveCfg = Debug|Any CPU
		{9A525C6D-0835-49C5-B48C-B00F1CD890C6}.Debug|Any CPU.Build.0 = Debug|Any CPU
		{9A525C6D-0835-49C5-B48C-B00F1CD890C6}.Debug|ARM.ActiveCfg = Debug|Any CPU
		{9A525C6D-0835-49C5-B48C-B00F1CD890C6}.Debug|ARM.Build.0 = Debug|Any CPU
		{9A525C6D-0835-49C5-B48C-B00F1CD890C6}.Debug|x64.ActiveCfg = Debug|Any CPU
		{9A525C6D-0835-49C5-B48C-B00F1CD890C6}.Debug|x64.Build.0 = Debug|Any CPU
		{9A525C6D-0835-49C5-B48C-B00F1CD890C6}.Debug|x86.ActiveCfg = Debug|Any CPU
		{9A525C6D-0835-49C5-B48C-B00F1CD890C6}.Debug|x86.Build.0 = Debug|Any CPU
		{9A525C6D-0835-49C5-B48C-B00F1CD890C6}.Release|Any CPU.ActiveCfg = Release|Any CPU
		{9A525C6D-0835-49C5-B48C-B00F1CD890C6}.Release|Any CPU.Build.0 = Release|Any CPU
		{9A525C6D-0835-49C5-B48C-B00F1CD890C6}.Release|ARM.ActiveCfg = Release|Any CPU
		{9A525C6D-0835-49C5-B48C-B00F1CD890C6}.Release|ARM.Build.0 = Release|Any CPU
		{9A525C6D-0835-49C5-B48C-B00F1CD890C6}.Release|x64.ActiveCfg = Release|Any CPU
		{9A525C6D-0835-49C5-B48C-B00F1CD890C6}.Release|x64.Build.0 = Release|Any CPU
		{9A525C6D-0835-49C5-B48C-B00F1CD890C6}.Release|x86.ActiveCfg = Release|Any CPU
		{9A525C6D-0835-49C5-B48C-B00F1CD890C6}.Release|x86.Build.0 = Release|Any CPU
		{AF42A35E-8252-462F-AFD3-7727F1F3BBB6}.Debug|Any CPU.ActiveCfg = Debug|Any CPU
		{AF42A35E-8252-462F-AFD3-7727F1F3BBB6}.Debug|Any CPU.Build.0 = Debug|Any CPU
		{AF42A35E-8252-462F-AFD3-7727F1F3BBB6}.Debug|ARM.ActiveCfg = Debug|Any CPU
		{AF42A35E-8252-462F-AFD3-7727F1F3BBB6}.Debug|ARM.Build.0 = Debug|Any CPU
		{AF42A35E-8252-462F-AFD3-7727F1F3BBB6}.Debug|x64.ActiveCfg = Debug|Any CPU
		{AF42A35E-8252-462F-AFD3-7727F1F3BBB6}.Debug|x64.Build.0 = Debug|Any CPU
		{AF42A35E-8252-462F-AFD3-7727F1F3BBB6}.Debug|x86.ActiveCfg = Debug|Any CPU
		{AF42A35E-8252-462F-AFD3-7727F1F3BBB6}.Debug|x86.Build.0 = Debug|Any CPU
		{AF42A35E-8252-462F-AFD3-7727F1F3BBB6}.Release|Any CPU.ActiveCfg = Release|Any CPU
		{AF42A35E-8252-462F-AFD3-7727F1F3BBB6}.Release|Any CPU.Build.0 = Release|Any CPU
		{AF42A35E-8252-462F-AFD3-7727F1F3BBB6}.Release|ARM.ActiveCfg = Release|Any CPU
		{AF42A35E-8252-462F-AFD3-7727F1F3BBB6}.Release|ARM.Build.0 = Release|Any CPU
		{AF42A35E-8252-462F-AFD3-7727F1F3BBB6}.Release|x64.ActiveCfg = Release|Any CPU
		{AF42A35E-8252-462F-AFD3-7727F1F3BBB6}.Release|x64.Build.0 = Release|Any CPU
		{AF42A35E-8252-462F-AFD3-7727F1F3BBB6}.Release|x86.ActiveCfg = Release|Any CPU
		{AF42A35E-8252-462F-AFD3-7727F1F3BBB6}.Release|x86.Build.0 = Release|Any CPU
		{D0393477-5880-452F-A583-14D317DA362D}.Debug|Any CPU.ActiveCfg = Debug|Any CPU
		{D0393477-5880-452F-A583-14D317DA362D}.Debug|Any CPU.Build.0 = Debug|Any CPU
		{D0393477-5880-452F-A583-14D317DA362D}.Debug|ARM.ActiveCfg = Debug|Any CPU
		{D0393477-5880-452F-A583-14D317DA362D}.Debug|ARM.Build.0 = Debug|Any CPU
		{D0393477-5880-452F-A583-14D317DA362D}.Debug|x64.ActiveCfg = Debug|Any CPU
		{D0393477-5880-452F-A583-14D317DA362D}.Debug|x64.Build.0 = Debug|Any CPU
		{D0393477-5880-452F-A583-14D317DA362D}.Debug|x86.ActiveCfg = Debug|Any CPU
		{D0393477-5880-452F-A583-14D317DA362D}.Debug|x86.Build.0 = Debug|Any CPU
		{D0393477-5880-452F-A583-14D317DA362D}.Release|Any CPU.ActiveCfg = Release|Any CPU
		{D0393477-5880-452F-A583-14D317DA362D}.Release|Any CPU.Build.0 = Release|Any CPU
		{D0393477-5880-452F-A583-14D317DA362D}.Release|ARM.ActiveCfg = Release|Any CPU
		{D0393477-5880-452F-A583-14D317DA362D}.Release|ARM.Build.0 = Release|Any CPU
		{D0393477-5880-452F-A583-14D317DA362D}.Release|x64.ActiveCfg = Release|Any CPU
		{D0393477-5880-452F-A583-14D317DA362D}.Release|x64.Build.0 = Release|Any CPU
		{D0393477-5880-452F-A583-14D317DA362D}.Release|x86.ActiveCfg = Release|Any CPU
		{D0393477-5880-452F-A583-14D317DA362D}.Release|x86.Build.0 = Release|Any CPU
		{15C2EFE5-128D-44F5-B18E-9003C33B8B52}.Debug|Any CPU.ActiveCfg = Debug|Any CPU
		{15C2EFE5-128D-44F5-B18E-9003C33B8B52}.Debug|Any CPU.Build.0 = Debug|Any CPU
		{15C2EFE5-128D-44F5-B18E-9003C33B8B52}.Debug|ARM.ActiveCfg = Debug|Any CPU
		{15C2EFE5-128D-44F5-B18E-9003C33B8B52}.Debug|ARM.Build.0 = Debug|Any CPU
		{15C2EFE5-128D-44F5-B18E-9003C33B8B52}.Debug|x64.ActiveCfg = Debug|Any CPU
		{15C2EFE5-128D-44F5-B18E-9003C33B8B52}.Debug|x64.Build.0 = Debug|Any CPU
		{15C2EFE5-128D-44F5-B18E-9003C33B8B52}.Debug|x86.ActiveCfg = Debug|Any CPU
		{15C2EFE5-128D-44F5-B18E-9003C33B8B52}.Debug|x86.Build.0 = Debug|Any CPU
		{15C2EFE5-128D-44F5-B18E-9003C33B8B52}.Release|Any CPU.ActiveCfg = Release|Any CPU
		{15C2EFE5-128D-44F5-B18E-9003C33B8B52}.Release|Any CPU.Build.0 = Release|Any CPU
		{15C2EFE5-128D-44F5-B18E-9003C33B8B52}.Release|ARM.ActiveCfg = Release|Any CPU
		{15C2EFE5-128D-44F5-B18E-9003C33B8B52}.Release|ARM.Build.0 = Release|Any CPU
		{15C2EFE5-128D-44F5-B18E-9003C33B8B52}.Release|x64.ActiveCfg = Release|Any CPU
		{15C2EFE5-128D-44F5-B18E-9003C33B8B52}.Release|x64.Build.0 = Release|Any CPU
		{15C2EFE5-128D-44F5-B18E-9003C33B8B52}.Release|x86.ActiveCfg = Release|Any CPU
		{15C2EFE5-128D-44F5-B18E-9003C33B8B52}.Release|x86.Build.0 = Release|Any CPU
		{F921551D-EB51-47DD-B0AC-F585D505B32A}.Debug|Any CPU.ActiveCfg = Debug|Any CPU
		{F921551D-EB51-47DD-B0AC-F585D505B32A}.Debug|Any CPU.Build.0 = Debug|Any CPU
		{F921551D-EB51-47DD-B0AC-F585D505B32A}.Debug|ARM.ActiveCfg = Debug|Any CPU
		{F921551D-EB51-47DD-B0AC-F585D505B32A}.Debug|ARM.Build.0 = Debug|Any CPU
		{F921551D-EB51-47DD-B0AC-F585D505B32A}.Debug|x64.ActiveCfg = Debug|Any CPU
		{F921551D-EB51-47DD-B0AC-F585D505B32A}.Debug|x64.Build.0 = Debug|Any CPU
		{F921551D-EB51-47DD-B0AC-F585D505B32A}.Debug|x86.ActiveCfg = Debug|Any CPU
		{F921551D-EB51-47DD-B0AC-F585D505B32A}.Debug|x86.Build.0 = Debug|Any CPU
		{F921551D-EB51-47DD-B0AC-F585D505B32A}.Release|Any CPU.ActiveCfg = Release|Any CPU
		{F921551D-EB51-47DD-B0AC-F585D505B32A}.Release|Any CPU.Build.0 = Release|Any CPU
		{F921551D-EB51-47DD-B0AC-F585D505B32A}.Release|ARM.ActiveCfg = Release|Any CPU
		{F921551D-EB51-47DD-B0AC-F585D505B32A}.Release|ARM.Build.0 = Release|Any CPU
		{F921551D-EB51-47DD-B0AC-F585D505B32A}.Release|x64.ActiveCfg = Release|Any CPU
		{F921551D-EB51-47DD-B0AC-F585D505B32A}.Release|x64.Build.0 = Release|Any CPU
		{F921551D-EB51-47DD-B0AC-F585D505B32A}.Release|x86.ActiveCfg = Release|Any CPU
		{F921551D-EB51-47DD-B0AC-F585D505B32A}.Release|x86.Build.0 = Release|Any CPU
		{668A14E5-6E1F-4B71-BAC1-500C08665767}.Debug|Any CPU.ActiveCfg = Debug|Any CPU
		{668A14E5-6E1F-4B71-BAC1-500C08665767}.Debug|Any CPU.Build.0 = Debug|Any CPU
		{668A14E5-6E1F-4B71-BAC1-500C08665767}.Debug|ARM.ActiveCfg = Debug|Any CPU
		{668A14E5-6E1F-4B71-BAC1-500C08665767}.Debug|ARM.Build.0 = Debug|Any CPU
		{668A14E5-6E1F-4B71-BAC1-500C08665767}.Debug|x64.ActiveCfg = Debug|Any CPU
		{668A14E5-6E1F-4B71-BAC1-500C08665767}.Debug|x64.Build.0 = Debug|Any CPU
		{668A14E5-6E1F-4B71-BAC1-500C08665767}.Debug|x86.ActiveCfg = Debug|Any CPU
		{668A14E5-6E1F-4B71-BAC1-500C08665767}.Debug|x86.Build.0 = Debug|Any CPU
		{668A14E5-6E1F-4B71-BAC1-500C08665767}.Release|Any CPU.ActiveCfg = Release|Any CPU
		{668A14E5-6E1F-4B71-BAC1-500C08665767}.Release|Any CPU.Build.0 = Release|Any CPU
		{668A14E5-6E1F-4B71-BAC1-500C08665767}.Release|ARM.ActiveCfg = Release|Any CPU
		{668A14E5-6E1F-4B71-BAC1-500C08665767}.Release|ARM.Build.0 = Release|Any CPU
		{668A14E5-6E1F-4B71-BAC1-500C08665767}.Release|x64.ActiveCfg = Release|Any CPU
		{668A14E5-6E1F-4B71-BAC1-500C08665767}.Release|x64.Build.0 = Release|Any CPU
		{668A14E5-6E1F-4B71-BAC1-500C08665767}.Release|x86.ActiveCfg = Release|Any CPU
		{668A14E5-6E1F-4B71-BAC1-500C08665767}.Release|x86.Build.0 = Release|Any CPU
	EndGlobalSection
	GlobalSection(SolutionProperties) = preSolution
		HideSolutionNode = FALSE
	EndGlobalSection
	GlobalSection(ExtensibilityGlobals) = postSolution
		SolutionGuid = {C8BA076D-1EF9-4437-B245-2C6F55AFBA40}
	EndGlobalSection
EndGlobal
