
Microsoft Visual Studio Solution File, Format Version 12.00
# Visual Studio 15
VisualStudioVersion = 15.0.28010.2036
MinimumVisualStudioVersion = 10.0.40219.1
Project("{FAE04EC0-301F-11D3-BF4B-00C04F79EFBC}") = "Testability", "Testability\Testability.csproj", "{02C9FC96-785A-4423-AFBE-0A7F5DA47052}"
EndProject
Project("{FAE04EC0-301F-11D3-BF4B-00C04F79EFBC}") = "Testability.UnitTests", "Testability.Test\Testability.UnitTests.csproj", "{439FA2B9-8B31-4703-A6A5-55C48E957674}"
EndProject
Project("{FAE04EC0-301F-11D3-BF4B-00C04F79EFBC}") = "Extensibility", "Extensibility\Extensibility.csproj", "{31BE09A5-7FAE-412E-949F-8D31F5337AC7}"
EndProject
Project("{FAE04EC0-301F-11D3-BF4B-00C04F79EFBC}") = "Polymorphism", "Polymorphism\Polymorphism.csproj", "{4DDF3B4A-1B7D-4E73-9B8C-1D0506FFDA96}"
EndProject
Global
	GlobalSection(SolutionConfigurationPlatforms) = preSolution
		Debug|Any CPU = Debug|Any CPU
		Release|Any CPU = Release|Any CPU
	EndGlobalSection
	GlobalSection(ProjectConfigurationPlatforms) = postSolution
		{02C9FC96-785A-4423-AFBE-0A7F5DA47052}.Debug|Any CPU.ActiveCfg = Debug|Any CPU
		{02C9FC96-785A-4423-AFBE-0A7F5DA47052}.Debug|Any CPU.Build.0 = Debug|Any CPU
		{02C9FC96-785A-4423-AFBE-0A7F5DA47052}.Release|Any CPU.ActiveCfg = Release|Any CPU
		{02C9FC96-785A-4423-AFBE-0A7F5DA47052}.Release|Any CPU.Build.0 = Release|Any CPU
		{439FA2B9-8B31-4703-A6A5-55C48E957674}.Debug|Any CPU.ActiveCfg = Debug|Any CPU
		{439FA2B9-8B31-4703-A6A5-55C48E957674}.Debug|Any CPU.Build.0 = Debug|Any CPU
		{439FA2B9-8B31-4703-A6A5-55C48E957674}.Release|Any CPU.ActiveCfg = Release|Any CPU
		{439FA2B9-8B31-4703-A6A5-55C48E957674}.Release|Any CPU.Build.0 = Release|Any CPU
		{31BE09A5-7FAE-412E-949F-8D31F5337AC7}.Debug|Any CPU.ActiveCfg = Debug|Any CPU
		{31BE09A5-7FAE-412E-949F-8D31F5337AC7}.Debug|Any CPU.Build.0 = Debug|Any CPU
		{31BE09A5-7FAE-412E-949F-8D31F5337AC7}.Release|Any CPU.ActiveCfg = Release|Any CPU
		{31BE09A5-7FAE-412E-949F-8D31F5337AC7}.Release|Any CPU.Build.0 = Release|Any CPU
		{4DDF3B4A-1B7D-4E73-9B8C-1D0506FFDA96}.Debug|Any CPU.ActiveCfg = Debug|Any CPU
		{4DDF3B4A-1B7D-4E73-9B8C-1D0506FFDA96}.Debug|Any CPU.Build.0 = Debug|Any CPU
		{4DDF3B4A-1B7D-4E73-9B8C-1D0506FFDA96}.Release|Any CPU.ActiveCfg = Release|Any CPU
		{4DDF3B4A-1B7D-4E73-9B8C-1D0506FFDA96}.Release|Any CPU.Build.0 = Release|Any CPU
	EndGlobalSection
	GlobalSection(SolutionProperties) = preSolution
		HideSolutionNode = FALSE
	EndGlobalSection
	GlobalSection(ExtensibilityGlobals) = postSolution
		SolutionGuid = {9870ADDB-4A0C-4F91-B53A-EC4D61030EA9}
	EndGlobalSection
EndGlobal
